
Microsoft Visual Studio Solution File, Format Version 12.00
# Visual Studio Version 17
VisualStudioVersion = 17.13.35828.75
MinimumVisualStudioVersion = 10.0.40219.1
Project("{FAE04EC0-301F-11D3-BF4B-00C04F79EFBC}") = "TicketSystemPrototype.Shared", "TicketSystemPrototype.Shared\TicketSystemPrototype.Shared.csproj", "{F9A7B2E6-7373-4317-A686-49209A002827}"
EndProject
Project("{FAE04EC0-301F-11D3-BF4B-00C04F79EFBC}") = "TicketSystemPrototype.Client", "TicketSystemPrototype.Client\TicketSystemPrototype.Client.csproj", "{A79BCDC3-D4A4-4069-B9C4-11E73F556D7C}"
EndProject
Project("{FAE04EC0-301F-11D3-BF4B-00C04F79EFBC}") = "TicketSystemPrototype.API", "TicketSystemPrototype.API\TicketSystemPrototype.API.csproj", "{5831CFEF-376D-BC5A-FA86-4B46391CCC19}"
EndProject
Global
	GlobalSection(SolutionConfigurationPlatforms) = preSolution
		Debug|Any CPU = Debug|Any CPU
		Release|Any CPU = Release|Any CPU
	EndGlobalSection
	GlobalSection(ProjectConfigurationPlatforms) = postSolution
		{F9A7B2E6-7373-4317-A686-49209A002827}.Debug|Any CPU.ActiveCfg = Debug|Any CPU
		{F9A7B2E6-7373-4317-A686-49209A002827}.Debug|Any CPU.Build.0 = Debug|Any CPU
		{F9A7B2E6-7373-4317-A686-49209A002827}.Release|Any CPU.ActiveCfg = Release|Any CPU
		{F9A7B2E6-7373-4317-A686-49209A002827}.Release|Any CPU.Build.0 = Release|Any CPU
		{A79BCDC3-D4A4-4069-B9C4-11E73F556D7C}.Debug|Any CPU.ActiveCfg = Debug|Any CPU
		{A79BCDC3-D4A4-4069-B9C4-11E73F556D7C}.Debug|Any CPU.Build.0 = Debug|Any CPU
		{A79BCDC3-D4A4-4069-B9C4-11E73F556D7C}.Release|Any CPU.ActiveCfg = Release|Any CPU
		{A79BCDC3-D4A4-4069-B9C4-11E73F556D7C}.Release|Any CPU.Build.0 = Release|Any CPU
		{5831CFEF-376D-BC5A-FA86-4B46391CCC19}.Debug|Any CPU.ActiveCfg = Debug|Any CPU
		{5831CFEF-376D-BC5A-FA86-4B46391CCC19}.Debug|Any CPU.Build.0 = Debug|Any CPU
		{5831CFEF-376D-BC5A-FA86-4B46391CCC19}.Release|Any CPU.ActiveCfg = Release|Any CPU
		{5831CFEF-376D-BC5A-FA86-4B46391CCC19}.Release|Any CPU.Build.0 = Release|Any CPU
	EndGlobalSection
	GlobalSection(SolutionProperties) = preSolution
		HideSolutionNode = FALSE
	EndGlobalSection
	GlobalSection(ExtensibilityGlobals) = postSolution
		SolutionGuid = {4FE55A0A-BED9-405E-B195-EC0D6855A626}
	EndGlobalSection
EndGlobal
